// !$*UTF8*$!
{
	archiveVersion = 1;
	classes = {
	};
	objectVersion = 46;
	objects = {

/* Begin PBXBuildFile section */
		3D3209CA1FE9562200436609 /* SortQuestion.cpp in Sources */ = {isa = PBXBuildFile; fileRef = 3D3209C81FE9562200436609 /* SortQuestion.cpp */; };
		3DA6CF281FDD677D00E6D75C /* main.cpp in Sources */ = {isa = PBXBuildFile; fileRef = 3DA6CF271FDD677D00E6D75C /* main.cpp */; };
/* End PBXBuildFile section */

/* Begin PBXCopyFilesBuildPhase section */
		3DA6CF221FDD677D00E6D75C /* CopyFiles */ = {
			isa = PBXCopyFilesBuildPhase;
			buildActionMask = 2147483647;
			dstPath = /usr/share/man/man1/;
			dstSubfolderSpec = 0;
			files = (
			);
			runOnlyForDeploymentPostprocessing = 1;
		};
/* End PBXCopyFilesBuildPhase section */

/* Begin PBXFileReference section */
		3D3209C81FE9562200436609 /* SortQuestion.cpp */ = {isa = PBXFileReference; fileEncoding = 4; lastKnownFileType = sourcecode.cpp.cpp; path = SortQuestion.cpp; sourceTree = "<group>"; };
		3D3209C91FE9562200436609 /* SortQuestion.hpp */ = {isa = PBXFileReference; fileEncoding = 4; lastKnownFileType = sourcecode.cpp.h; path = SortQuestion.hpp; sourceTree = "<group>"; };
		3DA2517C1FE18131009070C3 /* MergeSort.hpp */ = {isa = PBXFileReference; fileEncoding = 4; lastKnownFileType = sourcecode.cpp.h; path = MergeSort.hpp; sourceTree = "<group>"; };
		3DA6CF241FDD677D00E6D75C /* SortBase */ = {isa = PBXFileReference; explicitFileType = "compiled.mach-o.executable"; includeInIndex = 0; path = SortBase; sourceTree = BUILT_PRODUCTS_DIR; };
		3DA6CF271FDD677D00E6D75C /* main.cpp */ = {isa = PBXFileReference; lastKnownFileType = sourcecode.cpp.cpp; path = main.cpp; sourceTree = "<group>"; };
		3DA6CF2E1FDD678700E6D75C /* Student.hpp */ = {isa = PBXFileReference; lastKnownFileType = sourcecode.cpp.h; path = Student.hpp; sourceTree = "<group>"; };
		3DA6CF2F1FDD678B00E6D75C /* SortTestHelper.hpp */ = {isa = PBXFileReference; lastKnownFileType = sourcecode.cpp.h; path = SortTestHelper.hpp; sourceTree = "<group>"; };
		3DAB01FB1FE59B0100D07BBF /* QuickSort.hpp */ = {isa = PBXFileReference; fileEncoding = 4; lastKnownFileType = sourcecode.cpp.h; path = QuickSort.hpp; sourceTree = "<group>"; };
/* End PBXFileReference section */

/* Begin PBXFrameworksBuildPhase section */
		3DA6CF211FDD677D00E6D75C /* Frameworks */ = {
			isa = PBXFrameworksBuildPhase;
			buildActionMask = 2147483647;
			files = (
			);
			runOnlyForDeploymentPostprocessing = 0;
		};
/* End PBXFrameworksBuildPhase section */

/* Begin PBXGroup section */
		3DA6CF1B1FDD677D00E6D75C = {
			isa = PBXGroup;
			children = (
				3DA6CF261FDD677D00E6D75C /* SortBase */,
				3DA6CF251FDD677D00E6D75C /* Products */,
			);
			sourceTree = "<group>";
		};
		3DA6CF251FDD677D00E6D75C /* Products */ = {
			isa = PBXGroup;
			children = (
				3DA6CF241FDD677D00E6D75C /* SortBase */,
			);
			name = Products;
			sourceTree = "<group>";
		};
		3DA6CF261FDD677D00E6D75C /* SortBase */ = {
			isa = PBXGroup;
			children = (
				3DA6CF271FDD677D00E6D75C /* main.cpp */,
				3DA6CF2E1FDD678700E6D75C /* Student.hpp */,
				3DA6CF2F1FDD678B00E6D75C /* SortTestHelper.hpp */,
				3DA2517C1FE18131009070C3 /* MergeSort.hpp */,
				3DAB01FB1FE59B0100D07BBF /* QuickSort.hpp */,
				3D3209C81FE9562200436609 /* SortQuestion.cpp */,
				3D3209C91FE9562200436609 /* SortQuestion.hpp */,
			);
			path = SortBase;
			sourceTree = "<group>";
		};
/* End PBXGroup section */

/* Begin PBXNativeTarget section */
		3DA6CF231FDD677D00E6D75C /* SortBase */ = {
			isa = PBXNativeTarget;
			buildConfigurationList = 3DA6CF2B1FDD677D00E6D75C /* Build configuration list for PBXNativeTarget "SortBase" */;
			buildPhases = (
				3DA6CF201FDD677D00E6D75C /* Sources */,
				3DA6CF211FDD677D00E6D75C /* Frameworks */,
				3DA6CF221FDD677D00E6D75C /* CopyFiles */,
			);
			buildRules = (
			);
			dependencies = (
			);
			name = SortBase;
			productName = SortBase;
			productReference = 3DA6CF241FDD677D00E6D75C /* SortBase */;
			productType = "com.apple.product-type.tool";
		};
/* End PBXNativeTarget section */

/* Begin PBXProject section */
		3DA6CF1C1FDD677D00E6D75C /* Project object */ = {
			isa = PBXProject;
			attributes = {
				LastUpgradeCheck = 0830;
				ORGANIZATIONNAME = ling;
				TargetAttributes = {
					3DA6CF231FDD677D00E6D75C = {
						CreatedOnToolsVersion = 8.3.3;
						ProvisioningStyle = Automatic;
					};
				};
			};
			buildConfigurationList = 3DA6CF1F1FDD677D00E6D75C /* Build configuration list for PBXProject "SortBase" */;
			compatibilityVersion = "Xcode 3.2";
			developmentRegion = English;
			hasScannedForEncodings = 0;
			knownRegions = (
				en,
			);
			mainGroup = 3DA6CF1B1FDD677D00E6D75C;
			productRefGroup = 3DA6CF251FDD677D00E6D75C /* Products */;
			projectDirPath = "";
			projectRoot = "";
			targets = (
				3DA6CF231FDD677D00E6D75C /* SortBase */,
			);
		};
/* End PBXProject section */

/* Begin PBXSourcesBuildPhase section */
		3DA6CF201FDD677D00E6D75C /* Sources */ = {
			isa = PBXSourcesBuildPhase;
			buildActionMask = 2147483647;
			files = (
				3DA6CF281FDD677D00E6D75C /* main.cpp in Sources */,
				3D3209CA1FE9562200436609 /* SortQuestion.cpp in Sources */,
			);
			runOnlyForDeploymentPostprocessing = 0;
		};
/* End PBXSourcesBuildPhase section */

/* Begin XCBuildConfiguration section */
		3DA6CF291FDD677D00E6D75C /* Debug */ = {
			isa = XCBuildConfiguration;
			buildSettings = {
				ALWAYS_SEARCH_USER_PATHS = NO;
				CLANG_ANALYZER_NONNULL = YES;
				CLANG_ANALYZER_NUMBER_OBJECT_CONVERSION = YES_AGGRESSIVE;
				CLANG_CXX_LANGUAGE_STANDARD = "gnu++0x";
				CLANG_CXX_LIBRARY = "libc++";
				CLANG_ENABLE_MODULES = YES;
				CLANG_ENABLE_OBJC_ARC = YES;
				CLANG_WARN_BOOL_CONVERSION = YES;
				CLANG_WARN_CONSTANT_CONVERSION = YES;
				CLANG_WARN_DIRECT_OBJC_ISA_USAGE = YES_ERROR;
				CLANG_WARN_DOCUMENTATION_COMMENTS = YES;
				CLANG_WARN_EMPTY_BODY = YES;
				CLANG_WARN_ENUM_CONVERSION = YES;
				CLANG_WARN_INFINITE_RECURSION = YES;
				CLANG_WARN_INT_CONVERSION = YES;
				CLANG_WARN_OBJC_ROOT_CLASS = YES_ERROR;
				CLANG_WARN_SUSPICIOUS_MOVE = YES;
				CLANG_WARN_UNREACHABLE_CODE = YES;
				CLANG_WARN__DUPLICATE_METHOD_MATCH = YES;
				CODE_SIGN_IDENTITY = "-";
				COPY_PHASE_STRIP = NO;
				DEBUG_INFORMATION_FORMAT = dwarf;
				ENABLE_STRICT_OBJC_MSGSEND = YES;
				ENABLE_TESTABILITY = YES;
				GCC_C_LANGUAGE_STANDARD = gnu99;
				GCC_DYNAMIC_NO_PIC = NO;
				GCC_NO_COMMON_BLOCKS = YES;
				GCC_OPTIMIZATION_LEVEL = 0;
				GCC_PREPROCESSOR_DEFINITIONS = (
					"DEBUG=1",
					"$(inherited)",
				);
				GCC_WARN_64_TO_32_BIT_CONVERSION = YES;
				GCC_WARN_ABOUT_RETURN_TYPE = YES_ERROR;
				GCC_WARN_UNDECLARED_SELECTOR = YES;
				GCC_WARN_UNINITIALIZED_AUTOS = YES_AGGRESSIVE;
				GCC_WARN_UNUSED_FUNCTION = YES;
				GCC_WARN_UNUSED_VARIABLE = YES;
				MACOSX_DEPLOYMENT_TARGET = 10.12;
				MTL_ENABLE_DEBUG_INFO = YES;
				ONLY_ACTIVE_ARCH = YES;
				SDKROOT = macosx;
			};
			name = Debug;
		};
		3DA6CF2A1FDD677D00E6D75C /* Release */ = {
			isa = XCBuildConfiguration;
			buildSettings = {
				ALWAYS_SEARCH_USER_PATHS = NO;
				CLANG_ANALYZER_NONNULL = YES;
				CLANG_ANALYZER_NUMBER_OBJECT_CONVERSION = YES_AGGRESSIVE;
				CLANG_CXX_LANGUAGE_STANDARD = "gnu++0x";
				CLANG_CXX_LIBRARY = "libc++";
				CLANG_ENABLE_MODULES = YES;
				CLANG_ENABLE_OBJC_ARC = YES;
				CLANG_WARN_BOOL_CONVERSION = YES;
				CLANG_WARN_CONSTANT_CONVERSION = YES;
				CLANG_WARN_DIRECT_OBJC_ISA_USAGE = YES_ERROR;
				CLANG_WARN_DOCUMENTATION_COMMENTS = YES;
				CLANG_WARN_EMPTY_BODY = YES;
				CLANG_WARN_ENUM_CONVERSION = YES;
				CLANG_WARN_INFINITE_RECURSION = YES;
				CLANG_WARN_INT_CONVERSION = YES;
				CLANG_WARN_OBJC_ROOT_CLASS = YES_ERROR;
				CLANG_WARN_SUSPICIOUS_MOVE = YES;
				CLANG_WARN_UNREACHABLE_CODE = YES;
				CLANG_WARN__DUPLICATE_METHOD_MATCH = YES;
				CODE_SIGN_IDENTITY = "-";
				COPY_PHASE_STRIP = NO;
				DEBUG_INFORMATION_FORMAT = "dwarf-with-dsym";
				ENABLE_NS_ASSERTIONS = NO;
				ENABLE_STRICT_OBJC_MSGSEND = YES;
				GCC_C_LANGUAGE_STANDARD = gnu99;
				GCC_NO_COMMON_BLOCKS = YES;
				GCC_WARN_64_TO_32_BIT_CONVERSION = YES;
				GCC_WARN_ABOUT_RETURN_TYPE = YES_ERROR;
				GCC_WARN_UNDECLARED_SELECTOR = YES;
				GCC_WARN_UNINITIALIZED_AUTOS = YES_AGGRESSIVE;
				GCC_WARN_UNUSED_FUNCTION = YES;
				GCC_WARN_UNUSED_VARIABLE = YES;
				MACOSX_DEPLOYMENT_TARGET = 10.12;
				MTL_ENABLE_DEBUG_INFO = NO;
				SDKROOT = macosx;
			};
			name = Release;
		};
		3DA6CF2C1FDD677D00E6D75C /* Debug */ = {
			isa = XCBuildConfiguration;
			buildSettings = {
				PRODUCT_NAME = "$(TARGET_NAME)";
			};
			name = Debug;
		};
		3DA6CF2D1FDD677D00E6D75C /* Release */ = {
			isa = XCBuildConfiguration;
			buildSettings = {
				PRODUCT_NAME = "$(TARGET_NAME)";
			};
			name = Release;
		};
/* End XCBuildConfiguration section */

/* Begin XCConfigurationList section */
		3DA6CF1F1FDD677D00E6D75C /* Build configuration list for PBXProject "SortBase" */ = {
			isa = XCConfigurationList;
			buildConfigurations = (
				3DA6CF291FDD677D00E6D75C /* Debug */,
				3DA6CF2A1FDD677D00E6D75C /* Release */,
			);
			defaultConfigurationIsVisible = 0;
			defaultConfigurationName = Release;
		};
		3DA6CF2B1FDD677D00E6D75C /* Build configuration list for PBXNativeTarget "SortBase" */ = {
			isa = XCConfigurationList;
			buildConfigurations = (
				3DA6CF2C1FDD677D00E6D75C /* Debug */,
				3DA6CF2D1FDD677D00E6D75C /* Release */,
			);
			defaultConfigurationIsVisible = 0;
			defaultConfigurationName = Release;
		};
/* End XCConfigurationList section */
	};
	rootObject = 3DA6CF1C1FDD677D00E6D75C /* Project object */;
}
